<Solution>
  <Project Path="DPM235407_NguyenTuanAnh_BaiTap03_01_ComposingMethods/DPM235407_NguyenTuanAnh_BaiTap03_01_ComposingMethods.csproj" />
  <Project Path="DPM235407_NguyenTuanAnh_BaiTap03_02_MovingFeatures/DPM235407_NguyenTuanAnh_BaiTap03_02_MovingFeatures.csproj" />
  <Project Path="DPM235407_NguyenTuanAnh_BaiTap03_03_OrganizingData/DPM235407_NguyenTuanAnh_BaiTap03_03_OrganizingData.csproj" />
</Solution>
