
Microsoft Visual Studio Solution File, Format Version 12.00
# Visual Studio Version 17
VisualStudioVersion = 17.10.35027.167
MinimumVisualStudioVersion = 10.0.40219.1
Project("{FAE04EC0-301F-11D3-BF4B-00C04F79EFBC}") = "DPM235407_NguyenTuanAnh_BaiTap01_StructuralPatterns", "DPM235407_NguyenTuanAnh_BaiTap01_StructuralPatterns.csproj", "{C098A266-53EE-473C-9DDE-5871ECEE6619}"
EndProject
Global
	GlobalSection(SolutionConfigurationPlatforms) = preSolution
		Debug|Any CPU = Debug|Any CPU
		Release|Any CPU = Release|Any CPU
	EndGlobalSection
	GlobalSection(ProjectConfigurationPlatforms) = postSolution
		{C098A266-53EE-473C-9DDE-5871ECEE6619}.Debug|Any CPU.ActiveCfg = Debug|Any CPU
		{C098A266-53EE-473C-9DDE-5871ECEE6619}.Debug|Any CPU.Build.0 = Debug|Any CPU
		{C098A266-53EE-473C-9DDE-5871ECEE6619}.Release|Any CPU.ActiveCfg = Release|Any CPU
		{C098A266-53EE-473C-9DDE-5871ECEE6619}.Release|Any CPU.Build.0 = Release|Any CPU
	EndGlobalSection
	GlobalSection(SolutionProperties) = preSolution
		HideSolutionNode = FALSE
	EndGlobalSection
	GlobalSection(ExtensibilityGlobals) = postSolution
		SolutionGuid = {D3455DD8-EEBB-4502-9D84-0185E4191B6F}
	EndGlobalSection
EndGlobal
